
Microsoft Visual Studio Solution File, Format Version 12.00
# Visual Studio 15
VisualStudioVersion = 15.0.28307.705
MinimumVisualStudioVersion = 10.0.40219.1
Project("{FAE04EC0-301F-11D3-BF4B-00C04F79EFBC}") = "NetBankingApplication", "NetBankingApplication\NetBankingApplication.csproj", "{0BC72E81-A456-477B-861A-E5221857D709}"
EndProject
Project("{FAE04EC0-301F-11D3-BF4B-00C04F79EFBC}") = "BusinessLayer", "BusinessLayer\BusinessLayer.csproj", "{FCDFABED-1FF4-4B7C-8AB4-B7AE2220A835}"
EndProject
Project("{FAE04EC0-301F-11D3-BF4B-00C04F79EFBC}") = "Entities", "Entities\Entities.csproj", "{06FA200B-F01D-4736-986B-B2825E182D10}"
EndProject
Project("{FAE04EC0-301F-11D3-BF4B-00C04F79EFBC}") = "DAL", "DAL\DAL.csproj", "{0E38DA6D-9B4C-4BA9-B9F5-237CF0D56DE6}"
EndProject
Global
	GlobalSection(SolutionConfigurationPlatforms) = preSolution
		Debug|Any CPU = Debug|Any CPU
		Release|Any CPU = Release|Any CPU
	EndGlobalSection
	GlobalSection(ProjectConfigurationPlatforms) = postSolution
		{0BC72E81-A456-477B-861A-E5221857D709}.Debug|Any CPU.ActiveCfg = Debug|Any CPU
		{0BC72E81-A456-477B-861A-E5221857D709}.Debug|Any CPU.Build.0 = Debug|Any CPU
		{0BC72E81-A456-477B-861A-E5221857D709}.Release|Any CPU.ActiveCfg = Release|Any CPU
		{0BC72E81-A456-477B-861A-E5221857D709}.Release|Any CPU.Build.0 = Release|Any CPU
		{FCDFABED-1FF4-4B7C-8AB4-B7AE2220A835}.Debug|Any CPU.ActiveCfg = Debug|Any CPU
		{FCDFABED-1FF4-4B7C-8AB4-B7AE2220A835}.Debug|Any CPU.Build.0 = Debug|Any CPU
		{FCDFABED-1FF4-4B7C-8AB4-B7AE2220A835}.Release|Any CPU.ActiveCfg = Release|Any CPU
		{FCDFABED-1FF4-4B7C-8AB4-B7AE2220A835}.Release|Any CPU.Build.0 = Release|Any CPU
		{06FA200B-F01D-4736-986B-B2825E182D10}.Debug|Any CPU.ActiveCfg = Debug|Any CPU
		{06FA200B-F01D-4736-986B-B2825E182D10}.Debug|Any CPU.Build.0 = Debug|Any CPU
		{06FA200B-F01D-4736-986B-B2825E182D10}.Release|Any CPU.ActiveCfg = Release|Any CPU
		{06FA200B-F01D-4736-986B-B2825E182D10}.Release|Any CPU.Build.0 = Release|Any CPU
		{0E38DA6D-9B4C-4BA9-B9F5-237CF0D56DE6}.Debug|Any CPU.ActiveCfg = Debug|Any CPU
		{0E38DA6D-9B4C-4BA9-B9F5-237CF0D56DE6}.Debug|Any CPU.Build.0 = Debug|Any CPU
		{0E38DA6D-9B4C-4BA9-B9F5-237CF0D56DE6}.Release|Any CPU.ActiveCfg = Release|Any CPU
		{0E38DA6D-9B4C-4BA9-B9F5-237CF0D56DE6}.Release|Any CPU.Build.0 = Release|Any CPU
	EndGlobalSection
	GlobalSection(SolutionProperties) = preSolution
		HideSolutionNode = FALSE
	EndGlobalSection
	GlobalSection(ExtensibilityGlobals) = postSolution
		SolutionGuid = {689D0421-8FE6-4CE1-AD27-8EADD556A241}
	EndGlobalSection
EndGlobal
